# THIS IS AN AUTOGENERATED FILE. DO NOT EDIT THIS FILE DIRECTLY.
# yarn lockfile v1


lodash.get@^4.4.2:
  version "4.4.2"
  resolved "https://registry.yarnpkg.com/lodash.get/-/lodash.get-4.4.2.tgz#2d177f652fa31e939b4438d5341499dfa3825e99"

smart-buffer@^4.0.1:
  version "4.0.1"
  resolved "https://registry.yarnpkg.com/smart-buffer/-/smart-buffer-4.0.1.tgz#07ea1ca8d4db24eb4cac86537d7d18995221ace3"
